{
  "version": 4,
  "terraform_version": "1.10.5",
  "serial": 7,
  "lineage": "ca242718-889b-312b-4e0a-e7209f6c15b7",
  "outputs": {
    "webapp_ips": {
      "value": "13.95.237.248,13.95.232.92,13.95.235.177,13.95.238.129,13.95.238.192",
      "type": "string"
    },
    "webapp_url": {
      "value": "nattapon-app-service-01.azurewebsites.net",
      "type": "string"
    }
  },
  "resources": [
    {
      "mode": "managed",
      "type": "azurerm_app_service",
      "name": "example",
      "provider": "provider[\"registry.terraform.io/hashicorp/azurerm\"]",
      "instances": [
        {
          "schema_version": 0,
          "attributes": {
            "app_service_plan_id": "/subscriptions/5bb9cc68-8927-4f2f-ba3e-c2ddea7947ca/resourceGroups/example-resources/providers/Microsoft.Web/serverfarms/example-appserviceplan",
            "app_settings": {
              "SOME_KEY": "some-value"
            },
            "auth_settings": [
              {
                "active_directory": [],
                "additional_login_params": {},
                "allowed_external_redirect_urls": [],
                "default_provider": "",
                "enabled": false,
                "facebook": [],
                "google": [],
                "issuer": "",
                "microsoft": [],
                "runtime_version": "",
                "token_refresh_extension_hours": 0,
                "token_store_enabled": false,
                "twitter": [],
                "unauthenticated_client_action": ""
              }
            ],
            "backup": [],
            "client_affinity_enabled": false,
            "client_cert_enabled": false,
            "client_cert_mode": "Required",
            "connection_string": [
              {
                "name": "Database",
                "type": "SQLServer",
                "value": "Server=some-server.mydomain.com;Integrated Security=SSPI"
              }
            ],
            "custom_domain_verification_id": "1AD6F17018B81B2676DF0E6D40C68B48614A9BC49C321E9B62F69F99432F4348",
            "default_site_hostname": "nattapon-app-service-01.azurewebsites.net",
            "enabled": true,
            "https_only": false,
            "id": "/subscriptions/5bb9cc68-8927-4f2f-ba3e-c2ddea7947ca/resourceGroups/example-resources/providers/Microsoft.Web/sites/nattapon-app-service-01",
            "identity": [],
            "key_vault_reference_identity_id": "SystemAssigned",
            "location": "westeurope",
            "logs": [
              {
                "application_logs": [
                  {
                    "azure_blob_storage": [],
                    "file_system_level": "Off"
                  }
                ],
                "detailed_error_messages_enabled": false,
                "failed_request_tracing_enabled": false,
                "http_logs": [
                  {
                    "azure_blob_storage": [],
                    "file_system": []
                  }
                ]
              }
            ],
            "name": "nattapon-app-service-01",
            "outbound_ip_address_list": [
              "13.95.237.248",
              "13.95.232.92",
              "13.95.235.177",
              "13.95.238.129",
              "13.95.238.192"
            ],
            "outbound_ip_addresses": "13.95.237.248,13.95.232.92,13.95.235.177,13.95.238.129,13.95.238.192",
            "possible_outbound_ip_address_list": [
              "13.95.237.248",
              "13.95.232.92",
              "13.95.235.177",
              "13.95.238.129",
              "104.40.197.237",
              "65.52.146.110",
              "104.40.248.68",
              "23.97.145.24",
              "40.115.55.232",
              "20.4.97.135",
              "20.4.97.217",
              "20.4.98.84",
              "20.4.98.143",
              "20.4.99.173",
              "20.4.99.188",
              "108.142.88.22",
              "108.142.88.23",
              "108.142.88.34",
              "108.142.88.35",
              "108.142.88.46",
              "108.142.88.68",
              "13.95.238.192"
            ],
            "possible_outbound_ip_addresses": "13.95.237.248,13.95.232.92,13.95.235.177,13.95.238.129,104.40.197.237,65.52.146.110,104.40.248.68,23.97.145.24,40.115.55.232,20.4.97.135,20.4.97.217,20.4.98.84,20.4.98.143,20.4.99.173,20.4.99.188,108.142.88.22,108.142.88.23,108.142.88.34,108.142.88.35,108.142.88.46,108.142.88.68,13.95.238.192",
            "resource_group_name": "example-resources",
            "site_config": [
              {
                "acr_use_managed_identity_credentials": false,
                "acr_user_managed_identity_client_id": "",
                "always_on": false,
                "app_command_line": "",
                "auto_swap_slot_name": "",
                "cors": [
                  {
                    "allowed_origins": [],
                    "support_credentials": false
                  }
                ],
                "default_documents": null,
                "dotnet_framework_version": "v4.0",
                "ftps_state": "FtpsOnly",
                "health_check_path": "",
                "http2_enabled": false,
                "ip_restriction": [],
                "java_container": "",
                "java_container_version": "",
                "java_version": "",
                "linux_fx_version": "",
                "local_mysql_enabled": false,
                "managed_pipeline_mode": "Integrated",
                "min_tls_version": "1.2",
                "number_of_workers": 1,
                "php_version": "",
                "python_version": "",
                "remote_debugging_enabled": false,
                "remote_debugging_version": "VS2022",
                "scm_ip_restriction": [],
                "scm_type": "LocalGit",
                "scm_use_main_ip_restriction": false,
                "use_32_bit_worker_process": false,
                "vnet_route_all_enabled": false,
                "websockets_enabled": false,
                "windows_fx_version": ""
              }
            ],
            "site_credential": [
              {
                "password": "GeR6iXqLaivbamrSnwsxbEDPdRoYZTud0CYsMbjdc6GB7sLrCp49BmGsCiG3",
                "username": "$nattapon-app-service-01"
              }
            ],
            "source_control": [
              {
                "branch": "main",
                "manual_integration": false,
                "repo_url": "https://nattapon-app-service-01.scm.azurewebsites.net",
                "rollback_enabled": false,
                "use_mercurial": false
              }
            ],
            "storage_account": [],
            "tags": null,
            "timeouts": null
          },
          "sensitive_attributes": [
            [
              {
                "type": "get_attr",
                "value": "connection_string"
              }
            ]
          ],
          "private": "eyJlMmJmYjczMC1lY2FhLTExZTYtOGY4OC0zNDM2M2JjN2M0YzAiOnsiY3JlYXRlIjoxODAwMDAwMDAwMDAwLCJkZWxldGUiOjE4MDAwMDAwMDAwMDAsInJlYWQiOjMwMDAwMDAwMDAwMCwidXBkYXRlIjoxODAwMDAwMDAwMDAwfX0=",
          "dependencies": [
            "azurerm_app_service_plan.example",
            "azurerm_resource_group.example"
          ]
        }
      ]
    },
    {
      "mode": "managed",
      "type": "azurerm_app_service_plan",
      "name": "example",
      "provider": "provider[\"registry.terraform.io/hashicorp/azurerm\"]",
      "instances": [
        {
          "schema_version": 0,
          "attributes": {
            "app_service_environment_id": "",
            "id": "/subscriptions/5bb9cc68-8927-4f2f-ba3e-c2ddea7947ca/resourceGroups/example-resources/providers/Microsoft.Web/serverfarms/example-appserviceplan",
            "is_xenon": false,
            "kind": "Windows",
            "location": "westeurope",
            "maximum_elastic_worker_count": 1,
            "maximum_number_of_workers": 10,
            "name": "example-appserviceplan",
            "per_site_scaling": false,
            "reserved": false,
            "resource_group_name": "example-resources",
            "sku": [
              {
                "capacity": 1,
                "size": "S1",
                "tier": "Standard"
              }
            ],
            "tags": {},
            "timeouts": null,
            "zone_redundant": false
          },
          "sensitive_attributes": [],
          "private": "eyJlMmJmYjczMC1lY2FhLTExZTYtOGY4OC0zNDM2M2JjN2M0YzAiOnsiY3JlYXRlIjozNjAwMDAwMDAwMDAwLCJkZWxldGUiOjM2MDAwMDAwMDAwMDAsInJlYWQiOjMwMDAwMDAwMDAwMCwidXBkYXRlIjozNjAwMDAwMDAwMDAwfX0=",
          "dependencies": [
            "azurerm_resource_group.example"
          ]
        }
      ]
    },
    {
      "mode": "managed",
      "type": "azurerm_resource_group",
      "name": "example",
      "provider": "provider[\"registry.terraform.io/hashicorp/azurerm\"]",
      "instances": [
        {
          "schema_version": 0,
          "attributes": {
            "id": "/subscriptions/5bb9cc68-8927-4f2f-ba3e-c2ddea7947ca/resourceGroups/example-resources",
            "location": "westeurope",
            "name": "example-resources",
            "tags": {},
            "timeouts": null
          },
          "sensitive_attributes": [],
          "private": "eyJlMmJmYjczMC1lY2FhLTExZTYtOGY4OC0zNDM2M2JjN2M0YzAiOnsiY3JlYXRlIjo1NDAwMDAwMDAwMDAwLCJkZWxldGUiOjU0MDAwMDAwMDAwMDAsInJlYWQiOjMwMDAwMDAwMDAwMCwidXBkYXRlIjo1NDAwMDAwMDAwMDAwfX0="
        }
      ]
    }
  ],
  "check_results": null
}
